
Microsoft Visual Studio Solution File, Format Version 12.00
# Visual Studio Version 16
VisualStudioVersion = 16.0.31702.278
MinimumVisualStudioVersion = 10.0.40219.1
Project("{FAE04EC0-301F-11D3-BF4B-00C04F79EFBC}") = "SaberTest", "SaberTest\SaberTest.csproj", "{6F59E2D5-66C9-4F52-B43E-26B660A9FFC3}"
EndProject
Project("{FAE04EC0-301F-11D3-BF4B-00C04F79EFBC}") = "UnitTests", "UnitTests\UnitTests.csproj", "{8C25AB2D-8486-4790-BED0-AA2226B3AD4D}"
EndProject
Global
	GlobalSection(SolutionConfigurationPlatforms) = preSolution
		Debug|Any CPU = Debug|Any CPU
		Release|Any CPU = Release|Any CPU
	EndGlobalSection
	GlobalSection(ProjectConfigurationPlatforms) = postSolution
		{6F59E2D5-66C9-4F52-B43E-26B660A9FFC3}.Debug|Any CPU.ActiveCfg = Debug|Any CPU
		{6F59E2D5-66C9-4F52-B43E-26B660A9FFC3}.Debug|Any CPU.Build.0 = Debug|Any CPU
		{6F59E2D5-66C9-4F52-B43E-26B660A9FFC3}.Release|Any CPU.ActiveCfg = Release|Any CPU
		{6F59E2D5-66C9-4F52-B43E-26B660A9FFC3}.Release|Any CPU.Build.0 = Release|Any CPU
		{8C25AB2D-8486-4790-BED0-AA2226B3AD4D}.Debug|Any CPU.ActiveCfg = Debug|Any CPU
		{8C25AB2D-8486-4790-BED0-AA2226B3AD4D}.Debug|Any CPU.Build.0 = Debug|Any CPU
		{8C25AB2D-8486-4790-BED0-AA2226B3AD4D}.Release|Any CPU.ActiveCfg = Release|Any CPU
		{8C25AB2D-8486-4790-BED0-AA2226B3AD4D}.Release|Any CPU.Build.0 = Release|Any CPU
	EndGlobalSection
	GlobalSection(SolutionProperties) = preSolution
		HideSolutionNode = FALSE
	EndGlobalSection
	GlobalSection(ExtensibilityGlobals) = postSolution
		SolutionGuid = {CB826738-4D99-4590-950D-F8B14A7187EC}
	EndGlobalSection
EndGlobal
